
Microsoft Visual Studio Solution File, Format Version 12.00
# Visual Studio Version 17
VisualStudioVersion = 17.13.35931.197
MinimumVisualStudioVersion = 10.0.40219.1
Project("{FAE04EC0-301F-11D3-BF4B-00C04F79EFBC}") = "SangueBom", "SangueBom\SangueBom.csproj", "{756ADA8A-A358-40CA-BF3F-A37FD9168594}"
EndProject
Project("{FAE04EC0-301F-11D3-BF4B-00C04F79EFBC}") = "TestProject1", "TestProject1\TestProject1.csproj", "{2B9AD71E-DA62-4206-9CC1-56C6E8E966F2}"
EndProject
Global
	GlobalSection(SolutionConfigurationPlatforms) = preSolution
		Debug|Any CPU = Debug|Any CPU
		Release|Any CPU = Release|Any CPU
	EndGlobalSection
	GlobalSection(ProjectConfigurationPlatforms) = postSolution
		{756ADA8A-A358-40CA-BF3F-A37FD9168594}.Debug|Any CPU.ActiveCfg = Debug|Any CPU
		{756ADA8A-A358-40CA-BF3F-A37FD9168594}.Debug|Any CPU.Build.0 = Debug|Any CPU
		{756ADA8A-A358-40CA-BF3F-A37FD9168594}.Release|Any CPU.ActiveCfg = Release|Any CPU
		{756ADA8A-A358-40CA-BF3F-A37FD9168594}.Release|Any CPU.Build.0 = Release|Any CPU
		{2B9AD71E-DA62-4206-9CC1-56C6E8E966F2}.Debug|Any CPU.ActiveCfg = Debug|Any CPU
		{2B9AD71E-DA62-4206-9CC1-56C6E8E966F2}.Debug|Any CPU.Build.0 = Debug|Any CPU
		{2B9AD71E-DA62-4206-9CC1-56C6E8E966F2}.Release|Any CPU.ActiveCfg = Release|Any CPU
		{2B9AD71E-DA62-4206-9CC1-56C6E8E966F2}.Release|Any CPU.Build.0 = Release|Any CPU
	EndGlobalSection
	GlobalSection(SolutionProperties) = preSolution
		HideSolutionNode = FALSE
	EndGlobalSection
	GlobalSection(ExtensibilityGlobals) = postSolution
		SolutionGuid = {27E8C061-BA1F-49D4-A87A-725E8B99A0B1}
	EndGlobalSection
EndGlobal
